
Microsoft Visual Studio Solution File, Format Version 12.00
# Visual Studio 2012
Project("{FAE04EC0-301F-11D3-BF4B-00C04F79EFBC}") = "Resistor", "Resistor\Resistor.csproj", "{180BB1B8-2E07-4ACF-8029-53E355901E08}"
EndProject
Project("{FAE04EC0-301F-11D3-BF4B-00C04F79EFBC}") = "Resistor.Tests", "Resistor.Tests\Resistor.Tests.csproj", "{7D5EE43E-2B82-49CD-B58F-1A3BA676065A}"
	ProjectSection(ProjectDependencies) = postProject
		{180BB1B8-2E07-4ACF-8029-53E355901E08} = {180BB1B8-2E07-4ACF-8029-53E355901E08}
	EndProjectSection
EndProject
Global
	GlobalSection(SolutionConfigurationPlatforms) = preSolution
		Debug|Any CPU = Debug|Any CPU
		Release|Any CPU = Release|Any CPU
	EndGlobalSection
	GlobalSection(ProjectConfigurationPlatforms) = postSolution
		{180BB1B8-2E07-4ACF-8029-53E355901E08}.Debug|Any CPU.ActiveCfg = Debug|Any CPU
		{180BB1B8-2E07-4ACF-8029-53E355901E08}.Debug|Any CPU.Build.0 = Debug|Any CPU
		{180BB1B8-2E07-4ACF-8029-53E355901E08}.Release|Any CPU.ActiveCfg = Release|Any CPU
		{180BB1B8-2E07-4ACF-8029-53E355901E08}.Release|Any CPU.Build.0 = Release|Any CPU
		{7D5EE43E-2B82-49CD-B58F-1A3BA676065A}.Debug|Any CPU.ActiveCfg = Debug|Any CPU
		{7D5EE43E-2B82-49CD-B58F-1A3BA676065A}.Debug|Any CPU.Build.0 = Debug|Any CPU
		{7D5EE43E-2B82-49CD-B58F-1A3BA676065A}.Release|Any CPU.ActiveCfg = Release|Any CPU
		{7D5EE43E-2B82-49CD-B58F-1A3BA676065A}.Release|Any CPU.Build.0 = Release|Any CPU
	EndGlobalSection
	GlobalSection(SolutionProperties) = preSolution
		HideSolutionNode = FALSE
	EndGlobalSection
EndGlobal
